
Microsoft Visual Studio Solution File, Format Version 12.00
# Visual Studio Version 16
VisualStudioVersion = 16.0.28803.352
MinimumVisualStudioVersion = 10.0.40219.1
Project("{FAE04EC0-301F-11D3-BF4B-00C04F79EFBC}") = "BlockChain", "BlockChain\BlockChain.csproj", "{4FF32124-076F-48CD-AB7A-25DA2B01E7D3}"
EndProject
Global
	GlobalSection(SolutionConfigurationPlatforms) = preSolution
		Debug|Any CPU = Debug|Any CPU
		Release|Any CPU = Release|Any CPU
	EndGlobalSection
	GlobalSection(ProjectConfigurationPlatforms) = postSolution
		{4FF32124-076F-48CD-AB7A-25DA2B01E7D3}.Debug|Any CPU.ActiveCfg = Debug|Any CPU
		{4FF32124-076F-48CD-AB7A-25DA2B01E7D3}.Debug|Any CPU.Build.0 = Debug|Any CPU
		{4FF32124-076F-48CD-AB7A-25DA2B01E7D3}.Release|Any CPU.ActiveCfg = Release|Any CPU
		{4FF32124-076F-48CD-AB7A-25DA2B01E7D3}.Release|Any CPU.Build.0 = Release|Any CPU
	EndGlobalSection
	GlobalSection(SolutionProperties) = preSolution
		HideSolutionNode = FALSE
	EndGlobalSection
	GlobalSection(ExtensibilityGlobals) = postSolution
		SolutionGuid = {C22B0E21-CC49-4907-94BE-EBD193CCB43C}
	EndGlobalSection
EndGlobal
